{
  "name": "vanilla-basic",
  "version": "1.0.0",
  "lockfileVersion": 2,
  "requires": true,
  "packages": {
    "": {
      "name": "vanilla-basic",
      "version": "1.0.0",
      "dependencies": {
        "vanilla-basic": "file:"
      }
    },
    "node_modules/vanilla-basic": {
      "resolved": "",
      "link": true
    }
  },
  "dependencies": {
    "vanilla-basic": {
      "version": "file:",
      "requires": {
        "vanilla-basic": "file:"
      }
    }
  }
}
